
Microsoft Visual Studio Solution File, Format Version 12.00
# Visual Studio Version 16
VisualStudioVersion = 16.0.30330.147
MinimumVisualStudioVersion = 10.0.40219.1
Project("{8BC9CEB8-8B4A-11D0-8D11-00A0C91BC942}") = "qiita", "qiita.vcxproj", "{98475A12-7662-4D26-842D-CF794367AA6C}"
EndProject
Global
	GlobalSection(SolutionConfigurationPlatforms) = preSolution
		Debug|x64 = Debug|x64
		Debug|x86 = Debug|x86
		Release|x64 = Release|x64
		Release|x86 = Release|x86
	EndGlobalSection
	GlobalSection(ProjectConfigurationPlatforms) = postSolution
		{98475A12-7662-4D26-842D-CF794367AA6C}.Debug|x64.ActiveCfg = Debug|x64
		{98475A12-7662-4D26-842D-CF794367AA6C}.Debug|x64.Build.0 = Debug|x64
		{98475A12-7662-4D26-842D-CF794367AA6C}.Debug|x86.ActiveCfg = Debug|Win32
		{98475A12-7662-4D26-842D-CF794367AA6C}.Debug|x86.Build.0 = Debug|Win32
		{98475A12-7662-4D26-842D-CF794367AA6C}.Release|x64.ActiveCfg = Release|x64
		{98475A12-7662-4D26-842D-CF794367AA6C}.Release|x64.Build.0 = Release|x64
		{98475A12-7662-4D26-842D-CF794367AA6C}.Release|x86.ActiveCfg = Release|Win32
		{98475A12-7662-4D26-842D-CF794367AA6C}.Release|x86.Build.0 = Release|Win32
	EndGlobalSection
	GlobalSection(SolutionProperties) = preSolution
		HideSolutionNode = FALSE
	EndGlobalSection
	GlobalSection(ExtensibilityGlobals) = postSolution
		SolutionGuid = {E9A7582A-0288-4863-B333-B9C6ACBC8FB8}
	EndGlobalSection
EndGlobal
